
Microsoft Visual Studio Solution File, Format Version 12.00
# Visual Studio Version 17
VisualStudioVersion = 17.1.32328.378
MinimumVisualStudioVersion = 10.0.40219.1
Project("{FAE04EC0-301F-11D3-BF4B-00C04F79EFBC}") = "WorkoutTracker", "WorkoutTracker\WorkoutTracker.csproj", "{CE4AE7F2-FD8D-4FD2-9377-27B38DF3E810}"
EndProject
Project("{FAE04EC0-301F-11D3-BF4B-00C04F79EFBC}") = "Domain", "Domain\Domain.csproj", "{81583704-0112-4B25-8CC7-4830AE55792F}"
EndProject
Project("{FAE04EC0-301F-11D3-BF4B-00C04F79EFBC}") = "DataAccess.EFCore", "DataAccess.EFCore\DataAccess.EFCore.csproj", "{81BB931E-AD39-473B-A637-63E582779FE8}"
EndProject
Global
	GlobalSection(SolutionConfigurationPlatforms) = preSolution
		Debug|Any CPU = Debug|Any CPU
		Release|Any CPU = Release|Any CPU
	EndGlobalSection
	GlobalSection(ProjectConfigurationPlatforms) = postSolution
		{CE4AE7F2-FD8D-4FD2-9377-27B38DF3E810}.Debug|Any CPU.ActiveCfg = Debug|Any CPU
		{CE4AE7F2-FD8D-4FD2-9377-27B38DF3E810}.Debug|Any CPU.Build.0 = Debug|Any CPU
		{CE4AE7F2-FD8D-4FD2-9377-27B38DF3E810}.Release|Any CPU.ActiveCfg = Release|Any CPU
		{CE4AE7F2-FD8D-4FD2-9377-27B38DF3E810}.Release|Any CPU.Build.0 = Release|Any CPU
		{81583704-0112-4B25-8CC7-4830AE55792F}.Debug|Any CPU.ActiveCfg = Debug|Any CPU
		{81583704-0112-4B25-8CC7-4830AE55792F}.Debug|Any CPU.Build.0 = Debug|Any CPU
		{81583704-0112-4B25-8CC7-4830AE55792F}.Release|Any CPU.ActiveCfg = Release|Any CPU
		{81583704-0112-4B25-8CC7-4830AE55792F}.Release|Any CPU.Build.0 = Release|Any CPU
		{81BB931E-AD39-473B-A637-63E582779FE8}.Debug|Any CPU.ActiveCfg = Debug|Any CPU
		{81BB931E-AD39-473B-A637-63E582779FE8}.Debug|Any CPU.Build.0 = Debug|Any CPU
		{81BB931E-AD39-473B-A637-63E582779FE8}.Release|Any CPU.ActiveCfg = Release|Any CPU
		{81BB931E-AD39-473B-A637-63E582779FE8}.Release|Any CPU.Build.0 = Release|Any CPU
	EndGlobalSection
	GlobalSection(SolutionProperties) = preSolution
		HideSolutionNode = FALSE
	EndGlobalSection
	GlobalSection(ExtensibilityGlobals) = postSolution
		SolutionGuid = {D733CF8D-3F18-4465-B445-6F7C3665465C}
	EndGlobalSection
EndGlobal
